
Microsoft Visual Studio Solution File, Format Version 12.00
# Visual Studio Version 17
VisualStudioVersion = 17.2.32616.157
MinimumVisualStudioVersion = 10.0.40219.1
Project("{FAE04EC0-301F-11D3-BF4B-00C04F79EFBC}") = "Day 8 - Enum and LINQ", "Day 8 - Enum and LINQ.csproj", "{673BAB1D-8AC5-454E-8556-4C5451C2542E}"
EndProject
Global
	GlobalSection(SolutionConfigurationPlatforms) = preSolution
		Debug|Any CPU = Debug|Any CPU
		Release|Any CPU = Release|Any CPU
	EndGlobalSection
	GlobalSection(ProjectConfigurationPlatforms) = postSolution
		{673BAB1D-8AC5-454E-8556-4C5451C2542E}.Debug|Any CPU.ActiveCfg = Debug|Any CPU
		{673BAB1D-8AC5-454E-8556-4C5451C2542E}.Debug|Any CPU.Build.0 = Debug|Any CPU
		{673BAB1D-8AC5-454E-8556-4C5451C2542E}.Release|Any CPU.ActiveCfg = Release|Any CPU
		{673BAB1D-8AC5-454E-8556-4C5451C2542E}.Release|Any CPU.Build.0 = Release|Any CPU
	EndGlobalSection
	GlobalSection(SolutionProperties) = preSolution
		HideSolutionNode = FALSE
	EndGlobalSection
	GlobalSection(ExtensibilityGlobals) = postSolution
		SolutionGuid = {1C30949A-4D18-47CD-AB1E-850FA9CD2A31}
	EndGlobalSection
EndGlobal
