
Microsoft Visual Studio Solution File, Format Version 12.00
# Visual Studio Version 17
VisualStudioVersion = 17.4.33110.190
MinimumVisualStudioVersion = 10.0.40219.1
Project("{9A19103F-16F7-4668-BE54-9A1E7A4F7556}") = "RestaurentMS_Final_Project", "RestaurentMS_Final Project\RestaurentMS_Final_Project.csproj", "{820197F6-4E9A-4EA7-A9D0-55BFA8A1AEEC}"
EndProject
Global
	GlobalSection(SolutionConfigurationPlatforms) = preSolution
		Debug|Any CPU = Debug|Any CPU
		Release|Any CPU = Release|Any CPU
	EndGlobalSection
	GlobalSection(ProjectConfigurationPlatforms) = postSolution
		{820197F6-4E9A-4EA7-A9D0-55BFA8A1AEEC}.Debug|Any CPU.ActiveCfg = Debug|Any CPU
		{820197F6-4E9A-4EA7-A9D0-55BFA8A1AEEC}.Debug|Any CPU.Build.0 = Debug|Any CPU
		{820197F6-4E9A-4EA7-A9D0-55BFA8A1AEEC}.Release|Any CPU.ActiveCfg = Release|Any CPU
		{820197F6-4E9A-4EA7-A9D0-55BFA8A1AEEC}.Release|Any CPU.Build.0 = Release|Any CPU
	EndGlobalSection
	GlobalSection(SolutionProperties) = preSolution
		HideSolutionNode = FALSE
	EndGlobalSection
	GlobalSection(ExtensibilityGlobals) = postSolution
		SolutionGuid = {3635AF0A-BD98-4EA6-A87B-9481C99B44B3}
	EndGlobalSection
EndGlobal
