
Microsoft Visual Studio Solution File, Format Version 12.00
# Visual Studio Version 17
VisualStudioVersion = 17.2.32616.157
MinimumVisualStudioVersion = 10.0.40219.1
Project("{FAE04EC0-301F-11D3-BF4B-00C04F79EFBC}") = "Dependency Injection - Inversion of Control", "Dependency Injection - Inversion of Control.csproj", "{0544BA4C-82D0-4007-B63C-390B060A7278}"
EndProject
Global
	GlobalSection(SolutionConfigurationPlatforms) = preSolution
		Debug|Any CPU = Debug|Any CPU
		Release|Any CPU = Release|Any CPU
	EndGlobalSection
	GlobalSection(ProjectConfigurationPlatforms) = postSolution
		{0544BA4C-82D0-4007-B63C-390B060A7278}.Debug|Any CPU.ActiveCfg = Debug|Any CPU
		{0544BA4C-82D0-4007-B63C-390B060A7278}.Debug|Any CPU.Build.0 = Debug|Any CPU
		{0544BA4C-82D0-4007-B63C-390B060A7278}.Release|Any CPU.ActiveCfg = Release|Any CPU
		{0544BA4C-82D0-4007-B63C-390B060A7278}.Release|Any CPU.Build.0 = Release|Any CPU
	EndGlobalSection
	GlobalSection(SolutionProperties) = preSolution
		HideSolutionNode = FALSE
	EndGlobalSection
	GlobalSection(ExtensibilityGlobals) = postSolution
		SolutionGuid = {76FD717D-8449-4CDB-B000-158711A1FE1E}
	EndGlobalSection
EndGlobal
