
Microsoft Visual Studio Solution File, Format Version 12.00
# Visual Studio Version 17
VisualStudioVersion = 17.2.32616.157
MinimumVisualStudioVersion = 10.0.40219.1
Project("{FAE04EC0-301F-11D3-BF4B-00C04F79EFBC}") = "APIWithASPMVC", "APIWithASPMVC.csproj", "{10639817-2E24-4D81-8EE9-6BEC2F6C46CB}"
EndProject
Global
	GlobalSection(SolutionConfigurationPlatforms) = preSolution
		Debug|Any CPU = Debug|Any CPU
		Release|Any CPU = Release|Any CPU
	EndGlobalSection
	GlobalSection(ProjectConfigurationPlatforms) = postSolution
		{10639817-2E24-4D81-8EE9-6BEC2F6C46CB}.Debug|Any CPU.ActiveCfg = Debug|Any CPU
		{10639817-2E24-4D81-8EE9-6BEC2F6C46CB}.Debug|Any CPU.Build.0 = Debug|Any CPU
		{10639817-2E24-4D81-8EE9-6BEC2F6C46CB}.Release|Any CPU.ActiveCfg = Release|Any CPU
		{10639817-2E24-4D81-8EE9-6BEC2F6C46CB}.Release|Any CPU.Build.0 = Release|Any CPU
	EndGlobalSection
	GlobalSection(SolutionProperties) = preSolution
		HideSolutionNode = FALSE
	EndGlobalSection
	GlobalSection(ExtensibilityGlobals) = postSolution
		SolutionGuid = {F9D42E01-7F7B-480F-AD71-F61E62D05FE8}
	EndGlobalSection
EndGlobal
