
Microsoft Visual Studio Solution File, Format Version 12.00
# Visual Studio Version 17
VisualStudioVersion = 17.2.32616.157
MinimumVisualStudioVersion = 10.0.40219.1
Project("{FAE04EC0-301F-11D3-BF4B-00C04F79EFBC}") = "StudentMS", "StudentMS.csproj", "{988FC42B-BFBE-44B7-A640-C85CECA14199}"
EndProject
Global
	GlobalSection(SolutionConfigurationPlatforms) = preSolution
		Debug|Any CPU = Debug|Any CPU
		Release|Any CPU = Release|Any CPU
	EndGlobalSection
	GlobalSection(ProjectConfigurationPlatforms) = postSolution
		{988FC42B-BFBE-44B7-A640-C85CECA14199}.Debug|Any CPU.ActiveCfg = Debug|Any CPU
		{988FC42B-BFBE-44B7-A640-C85CECA14199}.Debug|Any CPU.Build.0 = Debug|Any CPU
		{988FC42B-BFBE-44B7-A640-C85CECA14199}.Release|Any CPU.ActiveCfg = Release|Any CPU
		{988FC42B-BFBE-44B7-A640-C85CECA14199}.Release|Any CPU.Build.0 = Release|Any CPU
	EndGlobalSection
	GlobalSection(SolutionProperties) = preSolution
		HideSolutionNode = FALSE
	EndGlobalSection
	GlobalSection(ExtensibilityGlobals) = postSolution
		SolutionGuid = {4BF03C89-BF04-437E-8A4F-2CC0DE7CF58D}
	EndGlobalSection
EndGlobal
